
Microsoft Visual Studio Solution File, Format Version 12.00
# Visual Studio Version 17
VisualStudioVersion = 17.10.35013.160
MinimumVisualStudioVersion = 10.0.40219.1
Project("{9A19103F-16F7-4668-BE54-9A1E7A4F7556}") = "HelloDelegates", "HelloDelegates\HelloDelegates.csproj", "{9CE1E1FB-786F-45BE-AEF3-99139E8622A5}"
EndProject
Project("{2150E333-8FDC-42A3-9474-1A3956D46DE8}") = "M003_DelegateEvents", "M003_DelegateEvents", "{DE3DFD0C-A111-4789-80E7-9750BE59149E}"
EndProject
Project("{9A19103F-16F7-4668-BE54-9A1E7A4F7556}") = "HelloEvents", "HelloEvents\HelloEvents.csproj", "{D926A314-40DC-4AEA-92CE-CDE297EAF189}"
EndProject
Project("{9A19103F-16F7-4668-BE54-9A1E7A4F7556}") = "Lab3_Delegates", "Lab3_Delegates\Lab3_Delegates.csproj", "{538BD2C2-8FC4-40E8-8C14-EBB871E75878}"
EndProject
Project("{2150E333-8FDC-42A3-9474-1A3956D46DE8}") = "M004_Generics", "M004_Generics", "{A3258264-A17D-4F27-B69D-D0898492BD03}"
EndProject
Project("{9A19103F-16F7-4668-BE54-9A1E7A4F7556}") = "HelloGenerics", "HelloGenerics\HelloGenerics.csproj", "{66FA2017-3C17-44D5-9CF7-50596BE323B0}"
EndProject
Project("{9A19103F-16F7-4668-BE54-9A1E7A4F7556}") = "Lab4_SolarSystem", "Lab4_SolarSystem\Lab4_SolarSystem.csproj", "{D808B04D-097B-40DE-BA65-97284CACA046}"
EndProject
Project("{2150E333-8FDC-42A3-9474-1A3956D46DE8}") = "M009_Linq", "M009_Linq", "{102DE023-44E2-4C76-8395-F90EA0F48FE3}"
EndProject
Project("{9A19103F-16F7-4668-BE54-9A1E7A4F7556}") = "LinqSamples", "LinqSamples\LinqSamples.csproj", "{079BC792-0B60-4346-8783-166032D5E6F7}"
EndProject
Project("{9A19103F-16F7-4668-BE54-9A1E7A4F7556}") = "Lab9_Personen", "Lab9_Personen\Lab9_Personen.csproj", "{3E2F8BE0-9490-4332-9DAA-C4D9480F130B}"
EndProject
Project("{2150E333-8FDC-42A3-9474-1A3956D46DE8}") = "M005_Serialization", "M005_Serialization", "{4FDF8B68-FE89-4E1C-84B9-672BDDF9E854}"
EndProject
Project("{9A19103F-16F7-4668-BE54-9A1E7A4F7556}") = "Serialization", "Serialization\Serialization.csproj", "{77FCD886-451F-4EF8-B2E0-8D47B58F1A75}"
EndProject
Project("{9A19103F-16F7-4668-BE54-9A1E7A4F7556}") = "Lab5_SolarExport", "Lab_SolarExport\Lab5_SolarExport.csproj", "{941CB6FA-4DB2-45A9-B92E-F38F07E92806}"
EndProject
Project("{2150E333-8FDC-42A3-9474-1A3956D46DE8}") = "M006_Threads", "M006_Threads", "{3028B5F5-9411-4B87-994B-A7F9EC02189F}"
EndProject
Project("{9A19103F-16F7-4668-BE54-9A1E7A4F7556}") = "ThreadsBasics", "ThreadsBasics\ThreadsBasics.csproj", "{6F281F16-0F7E-4916-8995-13725C30A7C5}"
EndProject
Project("{9A19103F-16F7-4668-BE54-9A1E7A4F7556}") = "ThreadsConcurrency", "ThreadsConcurrency\ThreadsConcurrency.csproj", "{9BB5E72C-B6D5-4F31-985A-FAD3AFCAC154}"
EndProject
Project("{9A19103F-16F7-4668-BE54-9A1E7A4F7556}") = "Lab6_Konto", "Lab6_Multithreading\Lab6_Konto.csproj", "{8B2D9B4F-776B-493F-AF5B-10EB57EB2A0C}"
EndProject
Project("{2150E333-8FDC-42A3-9474-1A3956D46DE8}") = "M007_TPL", "M007_TPL", "{B4518C74-5B7B-4AE3-B09F-E6AF6ECA4E9D}"
EndProject
Project("{9A19103F-16F7-4668-BE54-9A1E7A4F7556}") = "TPL_Multitasking", "TPL_Multitasking\TPL_Multitasking.csproj", "{5736F5F0-DA52-45CF-9DF7-FB85E5BB7617}"
EndProject
Project("{9A19103F-16F7-4668-BE54-9A1E7A4F7556}") = "Lab7_Images", "Lab7_Images\Lab7_Images.csproj", "{B5998DA6-FE03-43A1-A78D-299E43DDBAE8}"
EndProject
Project("{2150E333-8FDC-42A3-9474-1A3956D46DE8}") = "M011_ExceptionHandling", "M011_ExceptionHandling", "{27110901-0E85-4B26-A0CC-19DBC7DCEC67}"
EndProject
Project("{FAE04EC0-301F-11D3-BF4B-00C04F79EFBC}") = "ExceptionHandling", "ExceptionHandling\ExceptionHandling.csproj", "{2EEB12EC-FF35-4D95-9EB4-137C2D1C9E84}"
EndProject
Global
	GlobalSection(SolutionConfigurationPlatforms) = preSolution
		Debug|Any CPU = Debug|Any CPU
		Release|Any CPU = Release|Any CPU
	EndGlobalSection
	GlobalSection(ProjectConfigurationPlatforms) = postSolution
		{9CE1E1FB-786F-45BE-AEF3-99139E8622A5}.Debug|Any CPU.ActiveCfg = Debug|Any CPU
		{9CE1E1FB-786F-45BE-AEF3-99139E8622A5}.Debug|Any CPU.Build.0 = Debug|Any CPU
		{9CE1E1FB-786F-45BE-AEF3-99139E8622A5}.Release|Any CPU.ActiveCfg = Release|Any CPU
		{9CE1E1FB-786F-45BE-AEF3-99139E8622A5}.Release|Any CPU.Build.0 = Release|Any CPU
		{D926A314-40DC-4AEA-92CE-CDE297EAF189}.Debug|Any CPU.ActiveCfg = Debug|Any CPU
		{D926A314-40DC-4AEA-92CE-CDE297EAF189}.Debug|Any CPU.Build.0 = Debug|Any CPU
		{D926A314-40DC-4AEA-92CE-CDE297EAF189}.Release|Any CPU.ActiveCfg = Release|Any CPU
		{D926A314-40DC-4AEA-92CE-CDE297EAF189}.Release|Any CPU.Build.0 = Release|Any CPU
		{538BD2C2-8FC4-40E8-8C14-EBB871E75878}.Debug|Any CPU.ActiveCfg = Debug|Any CPU
		{538BD2C2-8FC4-40E8-8C14-EBB871E75878}.Debug|Any CPU.Build.0 = Debug|Any CPU
		{538BD2C2-8FC4-40E8-8C14-EBB871E75878}.Release|Any CPU.ActiveCfg = Release|Any CPU
		{538BD2C2-8FC4-40E8-8C14-EBB871E75878}.Release|Any CPU.Build.0 = Release|Any CPU
		{66FA2017-3C17-44D5-9CF7-50596BE323B0}.Debug|Any CPU.ActiveCfg = Debug|Any CPU
		{66FA2017-3C17-44D5-9CF7-50596BE323B0}.Debug|Any CPU.Build.0 = Debug|Any CPU
		{66FA2017-3C17-44D5-9CF7-50596BE323B0}.Release|Any CPU.ActiveCfg = Release|Any CPU
		{66FA2017-3C17-44D5-9CF7-50596BE323B0}.Release|Any CPU.Build.0 = Release|Any CPU
		{D808B04D-097B-40DE-BA65-97284CACA046}.Debug|Any CPU.ActiveCfg = Debug|Any CPU
		{D808B04D-097B-40DE-BA65-97284CACA046}.Debug|Any CPU.Build.0 = Debug|Any CPU
		{D808B04D-097B-40DE-BA65-97284CACA046}.Release|Any CPU.ActiveCfg = Release|Any CPU
		{D808B04D-097B-40DE-BA65-97284CACA046}.Release|Any CPU.Build.0 = Release|Any CPU
		{079BC792-0B60-4346-8783-166032D5E6F7}.Debug|Any CPU.ActiveCfg = Debug|Any CPU
		{079BC792-0B60-4346-8783-166032D5E6F7}.Debug|Any CPU.Build.0 = Debug|Any CPU
		{079BC792-0B60-4346-8783-166032D5E6F7}.Release|Any CPU.ActiveCfg = Release|Any CPU
		{079BC792-0B60-4346-8783-166032D5E6F7}.Release|Any CPU.Build.0 = Release|Any CPU
		{3E2F8BE0-9490-4332-9DAA-C4D9480F130B}.Debug|Any CPU.ActiveCfg = Debug|Any CPU
		{3E2F8BE0-9490-4332-9DAA-C4D9480F130B}.Debug|Any CPU.Build.0 = Debug|Any CPU
		{3E2F8BE0-9490-4332-9DAA-C4D9480F130B}.Release|Any CPU.ActiveCfg = Release|Any CPU
		{3E2F8BE0-9490-4332-9DAA-C4D9480F130B}.Release|Any CPU.Build.0 = Release|Any CPU
		{77FCD886-451F-4EF8-B2E0-8D47B58F1A75}.Debug|Any CPU.ActiveCfg = Debug|Any CPU
		{77FCD886-451F-4EF8-B2E0-8D47B58F1A75}.Debug|Any CPU.Build.0 = Debug|Any CPU
		{77FCD886-451F-4EF8-B2E0-8D47B58F1A75}.Release|Any CPU.ActiveCfg = Release|Any CPU
		{77FCD886-451F-4EF8-B2E0-8D47B58F1A75}.Release|Any CPU.Build.0 = Release|Any CPU
		{941CB6FA-4DB2-45A9-B92E-F38F07E92806}.Debug|Any CPU.ActiveCfg = Debug|Any CPU
		{941CB6FA-4DB2-45A9-B92E-F38F07E92806}.Debug|Any CPU.Build.0 = Debug|Any CPU
		{941CB6FA-4DB2-45A9-B92E-F38F07E92806}.Release|Any CPU.ActiveCfg = Release|Any CPU
		{941CB6FA-4DB2-45A9-B92E-F38F07E92806}.Release|Any CPU.Build.0 = Release|Any CPU
		{6F281F16-0F7E-4916-8995-13725C30A7C5}.Debug|Any CPU.ActiveCfg = Debug|Any CPU
		{6F281F16-0F7E-4916-8995-13725C30A7C5}.Debug|Any CPU.Build.0 = Debug|Any CPU
		{6F281F16-0F7E-4916-8995-13725C30A7C5}.Release|Any CPU.ActiveCfg = Release|Any CPU
		{6F281F16-0F7E-4916-8995-13725C30A7C5}.Release|Any CPU.Build.0 = Release|Any CPU
		{9BB5E72C-B6D5-4F31-985A-FAD3AFCAC154}.Debug|Any CPU.ActiveCfg = Debug|Any CPU
		{9BB5E72C-B6D5-4F31-985A-FAD3AFCAC154}.Debug|Any CPU.Build.0 = Debug|Any CPU
		{9BB5E72C-B6D5-4F31-985A-FAD3AFCAC154}.Release|Any CPU.ActiveCfg = Release|Any CPU
		{9BB5E72C-B6D5-4F31-985A-FAD3AFCAC154}.Release|Any CPU.Build.0 = Release|Any CPU
		{8B2D9B4F-776B-493F-AF5B-10EB57EB2A0C}.Debug|Any CPU.ActiveCfg = Debug|Any CPU
		{8B2D9B4F-776B-493F-AF5B-10EB57EB2A0C}.Debug|Any CPU.Build.0 = Debug|Any CPU
		{8B2D9B4F-776B-493F-AF5B-10EB57EB2A0C}.Release|Any CPU.ActiveCfg = Release|Any CPU
		{8B2D9B4F-776B-493F-AF5B-10EB57EB2A0C}.Release|Any CPU.Build.0 = Release|Any CPU
		{5736F5F0-DA52-45CF-9DF7-FB85E5BB7617}.Debug|Any CPU.ActiveCfg = Debug|Any CPU
		{5736F5F0-DA52-45CF-9DF7-FB85E5BB7617}.Debug|Any CPU.Build.0 = Debug|Any CPU
		{5736F5F0-DA52-45CF-9DF7-FB85E5BB7617}.Release|Any CPU.ActiveCfg = Release|Any CPU
		{5736F5F0-DA52-45CF-9DF7-FB85E5BB7617}.Release|Any CPU.Build.0 = Release|Any CPU
		{B5998DA6-FE03-43A1-A78D-299E43DDBAE8}.Debug|Any CPU.ActiveCfg = Debug|Any CPU
		{B5998DA6-FE03-43A1-A78D-299E43DDBAE8}.Debug|Any CPU.Build.0 = Debug|Any CPU
		{B5998DA6-FE03-43A1-A78D-299E43DDBAE8}.Release|Any CPU.ActiveCfg = Release|Any CPU
		{B5998DA6-FE03-43A1-A78D-299E43DDBAE8}.Release|Any CPU.Build.0 = Release|Any CPU
		{2EEB12EC-FF35-4D95-9EB4-137C2D1C9E84}.Debug|Any CPU.ActiveCfg = Debug|Any CPU
		{2EEB12EC-FF35-4D95-9EB4-137C2D1C9E84}.Debug|Any CPU.Build.0 = Debug|Any CPU
		{2EEB12EC-FF35-4D95-9EB4-137C2D1C9E84}.Release|Any CPU.ActiveCfg = Release|Any CPU
		{2EEB12EC-FF35-4D95-9EB4-137C2D1C9E84}.Release|Any CPU.Build.0 = Release|Any CPU
	EndGlobalSection
	GlobalSection(SolutionProperties) = preSolution
		HideSolutionNode = FALSE
	EndGlobalSection
	GlobalSection(NestedProjects) = preSolution
		{9CE1E1FB-786F-45BE-AEF3-99139E8622A5} = {DE3DFD0C-A111-4789-80E7-9750BE59149E}
		{D926A314-40DC-4AEA-92CE-CDE297EAF189} = {DE3DFD0C-A111-4789-80E7-9750BE59149E}
		{538BD2C2-8FC4-40E8-8C14-EBB871E75878} = {DE3DFD0C-A111-4789-80E7-9750BE59149E}
		{66FA2017-3C17-44D5-9CF7-50596BE323B0} = {A3258264-A17D-4F27-B69D-D0898492BD03}
		{D808B04D-097B-40DE-BA65-97284CACA046} = {A3258264-A17D-4F27-B69D-D0898492BD03}
		{079BC792-0B60-4346-8783-166032D5E6F7} = {102DE023-44E2-4C76-8395-F90EA0F48FE3}
		{3E2F8BE0-9490-4332-9DAA-C4D9480F130B} = {102DE023-44E2-4C76-8395-F90EA0F48FE3}
		{77FCD886-451F-4EF8-B2E0-8D47B58F1A75} = {4FDF8B68-FE89-4E1C-84B9-672BDDF9E854}
		{941CB6FA-4DB2-45A9-B92E-F38F07E92806} = {4FDF8B68-FE89-4E1C-84B9-672BDDF9E854}
		{6F281F16-0F7E-4916-8995-13725C30A7C5} = {3028B5F5-9411-4B87-994B-A7F9EC02189F}
		{9BB5E72C-B6D5-4F31-985A-FAD3AFCAC154} = {3028B5F5-9411-4B87-994B-A7F9EC02189F}
		{8B2D9B4F-776B-493F-AF5B-10EB57EB2A0C} = {3028B5F5-9411-4B87-994B-A7F9EC02189F}
		{5736F5F0-DA52-45CF-9DF7-FB85E5BB7617} = {B4518C74-5B7B-4AE3-B09F-E6AF6ECA4E9D}
		{B5998DA6-FE03-43A1-A78D-299E43DDBAE8} = {B4518C74-5B7B-4AE3-B09F-E6AF6ECA4E9D}
		{2EEB12EC-FF35-4D95-9EB4-137C2D1C9E84} = {27110901-0E85-4B26-A0CC-19DBC7DCEC67}
	EndGlobalSection
	GlobalSection(ExtensibilityGlobals) = postSolution
		SolutionGuid = {C80D70DD-6F59-43BF-8A25-84544C2CDCF7}
	EndGlobalSection
EndGlobal
